// !$*UTF8*$!
{
	archiveVersion = 1;
	classes = {
	};
	objectVersion = 77;
	objects = {

/* Begin PBXContainerItemProxy section */
		A8E0488E2FA01F0500E33622 /* PBXContainerItemProxy */ = {
			isa = PBXContainerItemProxy;
			containerPortal = A8E048752FA01F0300E33622 /* Project object */;
			proxyType = 1;
			remoteGlobalIDString = A8E0487C2FA01F0300E33622;
			remoteInfo = testMVVMPatern;
		};
		A8E048982FA01F0500E33622 /* PBXContainerItemProxy */ = {
			isa = PBXContainerItemProxy;
			containerPortal = A8E048752FA01F0300E33622 /* Project object */;
			proxyType = 1;
			remoteGlobalIDString = A8E0487C2FA01F0300E33622;
			remoteInfo = testMVVMPatern;
		};
/* End PBXContainerItemProxy section */

/* Begin PBXFileReference section */
		A8E0487D2FA01F0300E33622 /* testMVVMPatern.app */ = {isa = PBXFileReference; explicitFileType = wrapper.application; includeInIndex = 0; path = testMVVMPatern.app; sourceTree = BUILT_PRODUCTS_DIR; };
		A8E0488D2FA01F0500E33622 /* testMVVMPaternTests.xctest */ = {isa = PBXFileReference; explicitFileType = wrapper.cfbundle; includeInIndex = 0; path = testMVVMPaternTests.xctest; sourceTree = BUILT_PRODUCTS_DIR; };
		A8E048972FA01F0500E33622 /* testMVVMPaternUITests.xctest */ = {isa = PBXFileReference; explicitFileType = wrapper.cfbundle; includeInIndex = 0; path = testMVVMPaternUITests.xctest; sourceTree = BUILT_PRODUCTS_DIR; };
/* End PBXFileReference section */

/* Begin PBXFileSystemSynchronizedRootGroup section */
		A8E0487F2FA01F0300E33622 /* testMVVMPatern */ = {
			isa = PBXFileSystemSynchronizedRootGroup;
			path = testMVVMPatern;
			sourceTree = "<group>";
		};
		A8E048902FA01F0500E33622 /* testMVVMPaternTests */ = {
			isa = PBXFileSystemSynchronizedRootGroup;
			path = testMVVMPaternTests;
			sourceTree = "<group>";
		};
		A8E0489A2FA01F0500E33622 /* testMVVMPaternUITests */ = {
			isa = PBXFileSystemSynchronizedRootGroup;
			path = testMVVMPaternUITests;
			sourceTree = "<group>";
		};
/* End PBXFileSystemSynchronizedRootGroup section */

/* Begin PBXFrameworksBuildPhase section */
		A8E0487A2FA01F0300E33622 /* Frameworks */ = {
			isa = PBXFrameworksBuildPhase;
			buildActionMask = 2147483647;
			files = (
			);
			runOnlyForDeploymentPostprocessing = 0;
		};
		A8E0488A2FA01F0500E33622 /* Frameworks */ = {
			isa = PBXFrameworksBuildPhase;
			buildActionMask = 2147483647;
			files = (
			);
			runOnlyForDeploymentPostprocessing = 0;
		};
		A8E048942FA01F0500E33622 /* Frameworks */ = {
			isa = PBXFrameworksBuildPhase;
			buildActionMask = 2147483647;
			files = (
			);
			runOnlyForDeploymentPostprocessing = 0;
		};
/* End PBXFrameworksBuildPhase section */

/* Begin PBXGroup section */
		A8E048742FA01F0300E33622 = {
			isa = PBXGroup;
			children = (
				A8E0487F2FA01F0300E33622 /* testMVVMPatern */,
				A8E048902FA01F0500E33622 /* testMVVMPaternTests */,
				A8E0489A2FA01F0500E33622 /* testMVVMPaternUITests */,
				A8E0487E2FA01F0300E33622 /* Products */,
			);
			sourceTree = "<group>";
		};
		A8E0487E2FA01F0300E33622 /* Products */ = {
			isa = PBXGroup;
			children = (
				A8E0487D2FA01F0300E33622 /* testMVVMPatern.app */,
				A8E0488D2FA01F0500E33622 /* testMVVMPaternTests.xctest */,
				A8E048972FA01F0500E33622 /* testMVVMPaternUITests.xctest */,
			);
			name = Products;
			sourceTree = "<group>";
		};
/* End PBXGroup section */

/* Begin PBXNativeTarget section */
		A8E0487C2FA01F0300E33622 /* testMVVMPatern */ = {
			isa = PBXNativeTarget;
			buildConfigurationList = A8E048A12FA01F0500E33622 /* Build configuration list for PBXNativeTarget "testMVVMPatern" */;
			buildPhases = (
				A8E048792FA01F0300E33622 /* Sources */,
				A8E0487A2FA01F0300E33622 /* Frameworks */,
				A8E0487B2FA01F0300E33622 /* Resources */,
			);
			buildRules = (
			);
			dependencies = (
			);
			fileSystemSynchronizedGroups = (
				A8E0487F2FA01F0300E33622 /* testMVVMPatern */,
			);
			name = testMVVMPatern;
			packageProductDependencies = (
			);
			productName = testMVVMPatern;
			productReference = A8E0487D2FA01F0300E33622 /* testMVVMPatern.app */;
			productType = "com.apple.product-type.application";
		};
		A8E0488C2FA01F0500E33622 /* testMVVMPaternTests */ = {
			isa = PBXNativeTarget;
			buildConfigurationList = A8E048A42FA01F0500E33622 /* Build configuration list for PBXNativeTarget "testMVVMPaternTests" */;
			buildPhases = (
				A8E048892FA01F0500E33622 /* Sources */,
				A8E0488A2FA01F0500E33622 /* Frameworks */,
				A8E0488B2FA01F0500E33622 /* Resources */,
			);
			buildRules = (
			);
			dependencies = (
				A8E0488F2FA01F0500E33622 /* PBXTargetDependency */,
			);
			fileSystemSynchronizedGroups = (
				A8E048902FA01F0500E33622 /* testMVVMPaternTests */,
			);
			name = testMVVMPaternTests;
			packageProductDependencies = (
			);
			productName = testMVVMPaternTests;
			productReference = A8E0488D2FA01F0500E33622 /* testMVVMPaternTests.xctest */;
			productType = "com.apple.product-type.bundle.unit-test";
		};
		A8E048962FA01F0500E33622 /* testMVVMPaternUITests */ = {
			isa = PBXNativeTarget;
			buildConfigurationList = A8E048A72FA01F0500E33622 /* Build configuration list for PBXNativeTarget "testMVVMPaternUITests" */;
			buildPhases = (
				A8E048932FA01F0500E33622 /* Sources */,
				A8E048942FA01F0500E33622 /* Frameworks */,
				A8E048952FA01F0500E33622 /* Resources */,
			);
			buildRules = (
			);
			dependencies = (
				A8E048992FA01F0500E33622 /* PBXTargetDependency */,
			);
			fileSystemSynchronizedGroups = (
				A8E0489A2FA01F0500E33622 /* testMVVMPaternUITests */,
			);
			name = testMVVMPaternUITests;
			packageProductDependencies = (
			);
			productName = testMVVMPaternUITests;
			productReference = A8E048972FA01F0500E33622 /* testMVVMPaternUITests.xctest */;
			productType = "com.apple.product-type.bundle.ui-testing";
		};
/* End PBXNativeTarget section */

/* Begin PBXProject section */
		A8E048752FA01F0300E33622 /* Project object */ = {
			isa = PBXProject;
			attributes = {
				BuildIndependentTargetsInParallel = 1;
				LastSwiftUpdateCheck = 1600;
				LastUpgradeCheck = 1600;
				TargetAttributes = {
					A8E0487C2FA01F0300E33622 = {
						CreatedOnToolsVersion = 16.0;
					};
					A8E0488C2FA01F0500E33622 = {
						CreatedOnToolsVersion = 16.0;
						TestTargetID = A8E0487C2FA01F0300E33622;
					};
					A8E048962FA01F0500E33622 = {
						CreatedOnToolsVersion = 16.0;
						TestTargetID = A8E0487C2FA01F0300E33622;
					};
				};
			};
			buildConfigurationList = A8E048782FA01F0300E33622 /* Build configuration list for PBXProject "testMVVMPatern" */;
			developmentRegion = en;
			hasScannedForEncodings = 0;
			knownRegions = (
				en,
				Base,
			);
			mainGroup = A8E048742FA01F0300E33622;
			minimizedProjectReferenceProxies = 1;
			preferredProjectObjectVersion = 77;
			productRefGroup = A8E0487E2FA01F0300E33622 /* Products */;
			projectDirPath = "";
			projectRoot = "";
			targets = (
				A8E0487C2FA01F0300E33622 /* testMVVMPatern */,
				A8E0488C2FA01F0500E33622 /* testMVVMPaternTests */,
				A8E048962FA01F0500E33622 /* testMVVMPaternUITests */,
			);
		};
/* End PBXProject section */

/* Begin PBXResourcesBuildPhase section */
		A8E0487B2FA01F0300E33622 /* Resources */ = {
			isa = PBXResourcesBuildPhase;
			buildActionMask = 2147483647;
			files = (
			);
			runOnlyForDeploymentPostprocessing = 0;
		};
		A8E0488B2FA01F0500E33622 /* Resources */ = {
			isa = PBXResourcesBuildPhase;
			buildActionMask = 2147483647;
			files = (
			);
			runOnlyForDeploymentPostprocessing = 0;
		};
		A8E048952FA01F0500E33622 /* Resources */ = {
			isa = PBXResourcesBuildPhase;
			buildActionMask = 2147483647;
			files = (
			);
			runOnlyForDeploymentPostprocessing = 0;
		};
/* End PBXResourcesBuildPhase section */

/* Begin PBXSourcesBuildPhase section */
		A8E048792FA01F0300E33622 /* Sources */ = {
			isa = PBXSourcesBuildPhase;
			buildActionMask = 2147483647;
			files = (
			);
			runOnlyForDeploymentPostprocessing = 0;
		};
		A8E048892FA01F0500E33622 /* Sources */ = {
			isa = PBXSourcesBuildPhase;
			buildActionMask = 2147483647;
			files = (
			);
			runOnlyForDeploymentPostprocessing = 0;
		};
		A8E048932FA01F0500E33622 /* Sources */ = {
			isa = PBXSourcesBuildPhase;
			buildActionMask = 2147483647;
			files = (
			);
			runOnlyForDeploymentPostprocessing = 0;
		};
/* End PBXSourcesBuildPhase section */

/* Begin PBXTargetDependency section */
		A8E0488F2FA01F0500E33622 /* PBXTargetDependency */ = {
			isa = PBXTargetDependency;
			target = A8E0487C2FA01F0300E33622 /* testMVVMPatern */;
			targetProxy = A8E0488E2FA01F0500E33622 /* PBXContainerItemProxy */;
		};
		A8E048992FA01F0500E33622 /* PBXTargetDependency */ = {
			isa = PBXTargetDependency;
			target = A8E0487C2FA01F0300E33622 /* testMVVMPatern */;
			targetProxy = A8E048982FA01F0500E33622 /* PBXContainerItemProxy */;
		};
/* End PBXTargetDependency section */

/* Begin XCBuildConfiguration section */
		A8E0489F2FA01F0500E33622 /* Debug */ = {
			isa = XCBuildConfiguration;
			buildSettings = {
				ALWAYS_SEARCH_USER_PATHS = NO;
				ASSETCATALOG_COMPILER_GENERATE_SWIFT_ASSET_SYMBOL_EXTENSIONS = YES;
				CLANG_ANALYZER_NONNULL = YES;
				CLANG_ANALYZER_NUMBER_OBJECT_CONVERSION = YES_AGGRESSIVE;
				CLANG_CXX_LANGUAGE_STANDARD = "gnu++20";
				CLANG_ENABLE_MODULES = YES;
				CLANG_ENABLE_OBJC_ARC = YES;
				CLANG_ENABLE_OBJC_WEAK = YES;
				CLANG_WARN_BLOCK_CAPTURE_AUTORELEASING = YES;
				CLANG_WARN_BOOL_CONVERSION = YES;
				CLANG_WARN_COMMA = YES;
				CLANG_WARN_CONSTANT_CONVERSION = YES;
				CLANG_WARN_DEPRECATED_OBJC_IMPLEMENTATIONS = YES;
				CLANG_WARN_DIRECT_OBJC_ISA_USAGE = YES_ERROR;
				CLANG_WARN_DOCUMENTATION_COMMENTS = YES;
				CLANG_WARN_EMPTY_BODY = YES;
				CLANG_WARN_ENUM_CONVERSION = YES;
				CLANG_WARN_INFINITE_RECURSION = YES;
				CLANG_WARN_INT_CONVERSION = YES;
				CLANG_WARN_NON_LITERAL_NULL_CONVERSION = YES;
				CLANG_WARN_OBJC_IMPLICIT_RETAIN_SELF = YES;
				CLANG_WARN_OBJC_LITERAL_CONVERSION = YES;
				CLANG_WARN_OBJC_ROOT_CLASS = YES_ERROR;
				CLANG_WARN_QUOTED_INCLUDE_IN_FRAMEWORK_HEADER = YES;
				CLANG_WARN_RANGE_LOOP_ANALYSIS = YES;
				CLANG_WARN_STRICT_PROTOTYPES = YES;
				CLANG_WARN_SUSPICIOUS_MOVE = YES;
				CLANG_WARN_UNGUARDED_AVAILABILITY = YES_AGGRESSIVE;
				CLANG_WARN_UNREACHABLE_CODE = YES;
				CLANG_WARN__DUPLICATE_METHOD_MATCH = YES;
				COPY_PHASE_STRIP = NO;
				DEBUG_INFORMATION_FORMAT = dwarf;
				ENABLE_STRICT_OBJC_MSGSEND = YES;
				ENABLE_TESTABILITY = YES;
				ENABLE_USER_SCRIPT_SANDBOXING = YES;
				GCC_C_LANGUAGE_STANDARD = gnu17;
				GCC_DYNAMIC_NO_PIC = NO;
				GCC_NO_COMMON_BLOCKS = YES;
				GCC_OPTIMIZATION_LEVEL = 0;
				GCC_PREPROCESSOR_DEFINITIONS = (
					"DEBUG=1",
					"$(inherited)",
				);
				GCC_WARN_64_TO_32_BIT_CONVERSION = YES;
				GCC_WARN_ABOUT_RETURN_TYPE = YES_ERROR;
				GCC_WARN_UNDECLARED_SELECTOR = YES;
				GCC_WARN_UNINITIALIZED_AUTOS = YES_AGGRESSIVE;
				GCC_WARN_UNUSED_FUNCTION = YES;
				GCC_WARN_UNUSED_VARIABLE = YES;
				IPHONEOS_DEPLOYMENT_TARGET = 18.0;
				LOCALIZATION_PREFERS_STRING_CATALOGS = YES;
				MTL_ENABLE_DEBUG_INFO = INCLUDE_SOURCE;
				MTL_FAST_MATH = YES;
				ONLY_ACTIVE_ARCH = YES;
				SDKROOT = iphoneos;
				SWIFT_ACTIVE_COMPILATION_CONDITIONS = "DEBUG $(inherited)";
				SWIFT_OPTIMIZATION_LEVEL = "-Onone";
			};
			name = Debug;
		};
		A8E048A02FA01F0500E33622 /* Release */ = {
			isa = XCBuildConfiguration;
			buildSettings = {
				ALWAYS_SEARCH_USER_PATHS = NO;
				ASSETCATALOG_COMPILER_GENERATE_SWIFT_ASSET_SYMBOL_EXTENSIONS = YES;
				CLANG_ANALYZER_NONNULL = YES;
				CLANG_ANALYZER_NUMBER_OBJECT_CONVERSION = YES_AGGRESSIVE;
				CLANG_CXX_LANGUAGE_STANDARD = "gnu++20";
				CLANG_ENABLE_MODULES = YES;
				CLANG_ENABLE_OBJC_ARC = YES;
				CLANG_ENABLE_OBJC_WEAK = YES;
				CLANG_WARN_BLOCK_CAPTURE_AUTORELEASING = YES;
				CLANG_WARN_BOOL_CONVERSION = YES;
				CLANG_WARN_COMMA = YES;
				CLANG_WARN_CONSTANT_CONVERSION = YES;
				CLANG_WARN_DEPRECATED_OBJC_IMPLEMENTATIONS = YES;
				CLANG_WARN_DIRECT_OBJC_ISA_USAGE = YES_ERROR;
				CLANG_WARN_DOCUMENTATION_COMMENTS = YES;
				CLANG_WARN_EMPTY_BODY = YES;
				CLANG_WARN_ENUM_CONVERSION = YES;
				CLANG_WARN_INFINITE_RECURSION = YES;
				CLANG_WARN_INT_CONVERSION = YES;
				CLANG_WARN_NON_LITERAL_NULL_CONVERSION = YES;
				CLANG_WARN_OBJC_IMPLICIT_RETAIN_SELF = YES;
				CLANG_WARN_OBJC_LITERAL_CONVERSION = YES;
				CLANG_WARN_OBJC_ROOT_CLASS = YES_ERROR;
				CLANG_WARN_QUOTED_INCLUDE_IN_FRAMEWORK_HEADER = YES;
				CLANG_WARN_RANGE_LOOP_ANALYSIS = YES;
				CLANG_WARN_STRICT_PROTOTYPES = YES;
				CLANG_WARN_SUSPICIOUS_MOVE = YES;
				CLANG_WARN_UNGUARDED_AVAILABILITY = YES_AGGRESSIVE;
				CLANG_WARN_UNREACHABLE_CODE = YES;
				CLANG_WARN__DUPLICATE_METHOD_MATCH = YES;
				COPY_PHASE_STRIP = NO;
				DEBUG_INFORMATION_FORMAT = "dwarf-with-dsym";
				ENABLE_NS_ASSERTIONS = NO;
				ENABLE_STRICT_OBJC_MSGSEND = YES;
				ENABLE_USER_SCRIPT_SANDBOXING = YES;
				GCC_C_LANGUAGE_STANDARD = gnu17;
				GCC_NO_COMMON_BLOCKS = YES;
				GCC_WARN_64_TO_32_BIT_CONVERSION = YES;
				GCC_WARN_ABOUT_RETURN_TYPE = YES_ERROR;
				GCC_WARN_UNDECLARED_SELECTOR = YES;
				GCC_WARN_UNINITIALIZED_AUTOS = YES_AGGRESSIVE;
				GCC_WARN_UNUSED_FUNCTION = YES;
				GCC_WARN_UNUSED_VARIABLE = YES;
				IPHONEOS_DEPLOYMENT_TARGET = 18.0;
				LOCALIZATION_PREFERS_STRING_CATALOGS = YES;
				MTL_ENABLE_DEBUG_INFO = NO;
				MTL_FAST_MATH = YES;
				SDKROOT = iphoneos;
				SWIFT_COMPILATION_MODE = wholemodule;
				VALIDATE_PRODUCT = YES;
			};
			name = Release;
		};
		A8E048A22FA01F0500E33622 /* Debug */ = {
			isa = XCBuildConfiguration;
			buildSettings = {
				ASSETCATALOG_COMPILER_APPICON_NAME = AppIcon;
				ASSETCATALOG_COMPILER_GLOBAL_ACCENT_COLOR_NAME = AccentColor;
				CODE_SIGN_STYLE = Automatic;
				CURRENT_PROJECT_VERSION = 1;
				DEVELOPMENT_ASSET_PATHS = "\"testMVVMPatern/Preview Content\"";
				DEVELOPMENT_TEAM = W3A2LBXZ3R;
				ENABLE_PREVIEWS = YES;
				GENERATE_INFOPLIST_FILE = YES;
				INFOPLIST_KEY_UIApplicationSceneManifest_Generation = YES;
				INFOPLIST_KEY_UIApplicationSupportsIndirectInputEvents = YES;
				INFOPLIST_KEY_UILaunchScreen_Generation = YES;
				INFOPLIST_KEY_UISupportedInterfaceOrientations_iPad = "UIInterfaceOrientationPortrait UIInterfaceOrientationPortraitUpsideDown UIInterfaceOrientationLandscapeLeft UIInterfaceOrientationLandscapeRight";
				INFOPLIST_KEY_UISupportedInterfaceOrientations_iPhone = "UIInterfaceOrientationPortrait UIInterfaceOrientationLandscapeLeft UIInterfaceOrientationLandscapeRight";
				LD_RUNPATH_SEARCH_PATHS = (
					"$(inherited)",
					"@executable_path/Frameworks",
				);
				MARKETING_VERSION = 1.0;
				PRODUCT_BUNDLE_IDENTIFIER = Ting.testMVVMPatern;
				PRODUCT_NAME = "$(TARGET_NAME)";
				SWIFT_EMIT_LOC_STRINGS = YES;
				SWIFT_VERSION = 5.0;
				TARGETED_DEVICE_FAMILY = "1,2";
			};
			name = Debug;
		};
		A8E048A32FA01F0500E33622 /* Release */ = {
			isa = XCBuildConfiguration;
			buildSettings = {
				ASSETCATALOG_COMPILER_APPICON_NAME = AppIcon;
				ASSETCATALOG_COMPILER_GLOBAL_ACCENT_COLOR_NAME = AccentColor;
				CODE_SIGN_STYLE = Automatic;
				CURRENT_PROJECT_VERSION = 1;
				DEVELOPMENT_ASSET_PATHS = "\"testMVVMPatern/Preview Content\"";
				DEVELOPMENT_TEAM = W3A2LBXZ3R;
				ENABLE_PREVIEWS = YES;
				GENERATE_INFOPLIST_FILE = YES;
				INFOPLIST_KEY_UIApplicationSceneManifest_Generation = YES;
				INFOPLIST_KEY_UIApplicationSupportsIndirectInputEvents = YES;
				INFOPLIST_KEY_UILaunchScreen_Generation = YES;
				INFOPLIST_KEY_UISupportedInterfaceOrientations_iPad = "UIInterfaceOrientationPortrait UIInterfaceOrientationPortraitUpsideDown UIInterfaceOrientationLandscapeLeft UIInterfaceOrientationLandscapeRight";
				INFOPLIST_KEY_UISupportedInterfaceOrientations_iPhone = "UIInterfaceOrientationPortrait UIInterfaceOrientationLandscapeLeft UIInterfaceOrientationLandscapeRight";
				LD_RUNPATH_SEARCH_PATHS = (
					"$(inherited)",
					"@executable_path/Frameworks",
				);
				MARKETING_VERSION = 1.0;
				PRODUCT_BUNDLE_IDENTIFIER = Ting.testMVVMPatern;
				PRODUCT_NAME = "$(TARGET_NAME)";
				SWIFT_EMIT_LOC_STRINGS = YES;
				SWIFT_VERSION = 5.0;
				TARGETED_DEVICE_FAMILY = "1,2";
			};
			name = Release;
		};
		A8E048A52FA01F0500E33622 /* Debug */ = {
			isa = XCBuildConfiguration;
			buildSettings = {
				BUNDLE_LOADER = "$(TEST_HOST)";
				CODE_SIGN_STYLE = Automatic;
				CURRENT_PROJECT_VERSION = 1;
				DEVELOPMENT_TEAM = W3A2LBXZ3R;
				GENERATE_INFOPLIST_FILE = YES;
				IPHONEOS_DEPLOYMENT_TARGET = 18.0;
				MARKETING_VERSION = 1.0;
				PRODUCT_BUNDLE_IDENTIFIER = Ting.testMVVMPaternTests;
				PRODUCT_NAME = "$(TARGET_NAME)";
				SWIFT_EMIT_LOC_STRINGS = NO;
				SWIFT_VERSION = 5.0;
				TARGETED_DEVICE_FAMILY = "1,2";
				TEST_HOST = "$(BUILT_PRODUCTS_DIR)/testMVVMPatern.app/$(BUNDLE_EXECUTABLE_FOLDER_PATH)/testMVVMPatern";
			};
			name = Debug;
		};
		A8E048A62FA01F0500E33622 /* Release */ = {
			isa = XCBuildConfiguration;
			buildSettings = {
				BUNDLE_LOADER = "$(TEST_HOST)";
				CODE_SIGN_STYLE = Automatic;
				CURRENT_PROJECT_VERSION = 1;
				DEVELOPMENT_TEAM = W3A2LBXZ3R;
				GENERATE_INFOPLIST_FILE = YES;
				IPHONEOS_DEPLOYMENT_TARGET = 18.0;
				MARKETING_VERSION = 1.0;
				PRODUCT_BUNDLE_IDENTIFIER = Ting.testMVVMPaternTests;
				PRODUCT_NAME = "$(TARGET_NAME)";
				SWIFT_EMIT_LOC_STRINGS = NO;
				SWIFT_VERSION = 5.0;
				TARGETED_DEVICE_FAMILY = "1,2";
				TEST_HOST = "$(BUILT_PRODUCTS_DIR)/testMVVMPatern.app/$(BUNDLE_EXECUTABLE_FOLDER_PATH)/testMVVMPatern";
			};
			name = Release;
		};
		A8E048A82FA01F0500E33622 /* Debug */ = {
			isa = XCBuildConfiguration;
			buildSettings = {
				CODE_SIGN_STYLE = Automatic;
				CURRENT_PROJECT_VERSION = 1;
				DEVELOPMENT_TEAM = W3A2LBXZ3R;
				GENERATE_INFOPLIST_FILE = YES;
				MARKETING_VERSION = 1.0;
				PRODUCT_BUNDLE_IDENTIFIER = Ting.testMVVMPaternUITests;
				PRODUCT_NAME = "$(TARGET_NAME)";
				SWIFT_EMIT_LOC_STRINGS = NO;
				SWIFT_VERSION = 5.0;
				TARGETED_DEVICE_FAMILY = "1,2";
				TEST_TARGET_NAME = testMVVMPatern;
			};
			name = Debug;
		};
		A8E048A92FA01F0500E33622 /* Release */ = {
			isa = XCBuildConfiguration;
			buildSettings = {
				CODE_SIGN_STYLE = Automatic;
				CURRENT_PROJECT_VERSION = 1;
				DEVELOPMENT_TEAM = W3A2LBXZ3R;
				GENERATE_INFOPLIST_FILE = YES;
				MARKETING_VERSION = 1.0;
				PRODUCT_BUNDLE_IDENTIFIER = Ting.testMVVMPaternUITests;
				PRODUCT_NAME = "$(TARGET_NAME)";
				SWIFT_EMIT_LOC_STRINGS = NO;
				SWIFT_VERSION = 5.0;
				TARGETED_DEVICE_FAMILY = "1,2";
				TEST_TARGET_NAME = testMVVMPatern;
			};
			name = Release;
		};
/* End XCBuildConfiguration section */

/* Begin XCConfigurationList section */
		A8E048782FA01F0300E33622 /* Build configuration list for PBXProject "testMVVMPatern" */ = {
			isa = XCConfigurationList;
			buildConfigurations = (
				A8E0489F2FA01F0500E33622 /* Debug */,
				A8E048A02FA01F0500E33622 /* Release */,
			);
			defaultConfigurationIsVisible = 0;
			defaultConfigurationName = Release;
		};
		A8E048A12FA01F0500E33622 /* Build configuration list for PBXNativeTarget "testMVVMPatern" */ = {
			isa = XCConfigurationList;
			buildConfigurations = (
				A8E048A22FA01F0500E33622 /* Debug */,
				A8E048A32FA01F0500E33622 /* Release */,
			);
			defaultConfigurationIsVisible = 0;
			defaultConfigurationName = Release;
		};
		A8E048A42FA01F0500E33622 /* Build configuration list for PBXNativeTarget "testMVVMPaternTests" */ = {
			isa = XCConfigurationList;
			buildConfigurations = (
				A8E048A52FA01F0500E33622 /* Debug */,
				A8E048A62FA01F0500E33622 /* Release */,
			);
			defaultConfigurationIsVisible = 0;
			defaultConfigurationName = Release;
		};
		A8E048A72FA01F0500E33622 /* Build configuration list for PBXNativeTarget "testMVVMPaternUITests" */ = {
			isa = XCConfigurationList;
			buildConfigurations = (
				A8E048A82FA01F0500E33622 /* Debug */,
				A8E048A92FA01F0500E33622 /* Release */,
			);
			defaultConfigurationIsVisible = 0;
			defaultConfigurationName = Release;
		};
/* End XCConfigurationList section */
	};
	rootObject = A8E048752FA01F0300E33622 /* Project object */;
}
